
Microsoft Visual Studio Solution File, Format Version 12.00
# Visual Studio 15
VisualStudioVersion = 15.0.28010.2046
MinimumVisualStudioVersion = 10.0.40219.1
Project("{FAE04EC0-301F-11D3-BF4B-00C04F79EFBC}") = "EditorWPF", "EditorWPF.csproj", "{D39F58C3-6329-40AD-A4AB-93D5B70D39E8}"
EndProject
Global
	GlobalSection(SolutionConfigurationPlatforms) = preSolution
		Debug|Any CPU = Debug|Any CPU
		Release|Any CPU = Release|Any CPU
	EndGlobalSection
	GlobalSection(ProjectConfigurationPlatforms) = postSolution
		{D39F58C3-6329-40AD-A4AB-93D5B70D39E8}.Debug|Any CPU.ActiveCfg = Debug|Any CPU
		{D39F58C3-6329-40AD-A4AB-93D5B70D39E8}.Debug|Any CPU.Build.0 = Debug|Any CPU
		{D39F58C3-6329-40AD-A4AB-93D5B70D39E8}.Release|Any CPU.ActiveCfg = Release|Any CPU
		{D39F58C3-6329-40AD-A4AB-93D5B70D39E8}.Release|Any CPU.Build.0 = Release|Any CPU
	EndGlobalSection
	GlobalSection(SolutionProperties) = preSolution
		HideSolutionNode = FALSE
	EndGlobalSection
	GlobalSection(ExtensibilityGlobals) = postSolution
		SolutionGuid = {1A766478-3287-43FA-9425-552A0B883C31}
	EndGlobalSection
EndGlobal
